{
  "name": "fluentui-help",
  "version": "0.0.1",
  "lockfileVersion": 3,
  "requires": true,
  "packages": {
    "": {
      "name": "fluentui-help",
      "version": "0.0.1",
      "dependencies": {
        "@fluentui/tokens": "1.0.0-alpha.20",
        "@fluentui/web-components": "3.0.0-beta.70",
        "@microsoft/fast-element": "2.0.0",
        "@microsoft/fast-web-utilities": "6.0.0"
      }
    },
    "node_modules/@fluentui/tokens": {
      "version": "1.0.0-alpha.20",
      "resolved": "https://registry.npmjs.org/@fluentui/tokens/-/tokens-1.0.0-alpha.20.tgz",
      "integrity": "sha512-9WsCVDM/+A6lcMAB0cxHSlM94xe/DLIQFd2g7R9e7XYBFMqnt6t/b8S3NVDMruG57wd0o/UMiRJtnqjEkB2gpw==",
      "dependencies": {
        "@swc/helpers": "^0.5.1"
      }
    },
    "node_modules/@fluentui/web-components": {
      "version": "3.0.0-beta.70",
      "resolved": "https://registry.npmjs.org/@fluentui/web-components/-/web-components-3.0.0-beta.70.tgz",
      "integrity": "sha512-gRfvTIE4C78H3Zc2EQsIWp+w3YRf+9mqNK8dGfJYz9WWux7OZ3U9smFQHDCHlAyjPfWdqaDdeyREx8J8w/TDiw==",
      "dependencies": {
        "@fluentui/tokens": "1.0.0-alpha.18",
        "@microsoft/fast-web-utilities": "^6.0.0",
        "tabbable": "^6.2.0",
        "tslib": "^2.1.0"
      },
      "peerDependencies": {
        "@microsoft/fast-element": "^2.0.0-beta.26 || ^2.0.0"
      }
    },
    "node_modules/@fluentui/web-components/node_modules/@fluentui/tokens": {
      "version": "1.0.0-alpha.18",
      "resolved": "https://registry.npmjs.org/@fluentui/tokens/-/tokens-1.0.0-alpha.18.tgz",
      "integrity": "sha512-d7CpB7RJhPlv8r6OjKRsL4mu8dvSiwrGdQuZyRhDjhCa/5u0xSdCxLmwGu4HOTlr9sg9Gf7LbQe2shAlq2J21w==",
      "dependencies": {
        "@swc/helpers": "^0.5.1"
      }
    },
    "node_modules/@microsoft/fast-element": {
      "version": "2.0.0",
      "resolved": "https://registry.npmjs.org/@microsoft/fast-element/-/fast-element-2.0.0.tgz",
      "integrity": "sha512-Tzv4dCGTg10NNyqWWGRy3bYG4vacQUapjy5gpdpmFbSgvNF8aOzJJMkG5CfVUDoC9gWxY1ZyGgjXX0p86ZXX5w=="
    },
    "node_modules/@microsoft/fast-web-utilities": {
      "version": "6.0.0",
      "resolved": "https://registry.npmjs.org/@microsoft/fast-web-utilities/-/fast-web-utilities-6.0.0.tgz",
      "integrity": "sha512-ckCA4Xn91ja1Qz+jhGGL1Q3ZeuRpA5VvYcRA7GzA1NP545sl14bwz3tbHCq8jIk+PL7mkSaIveGMYuJB2L4Izg==",
      "dependencies": {
        "exenv-es6": "^1.1.1"
      }
    },
    "node_modules/@swc/helpers": {
      "version": "0.5.15",
      "resolved": "https://registry.npmjs.org/@swc/helpers/-/helpers-0.5.15.tgz",
      "integrity": "sha512-JQ5TuMi45Owi4/BIMAJBoSQoOJu12oOk/gADqlcUL9JEdHB8vyjUSsxqeNXnmXHjYKMi2WcYtezGEEhqUI/E2g==",
      "dependencies": {
        "tslib": "^2.8.0"
      }
    },
    "node_modules/exenv-es6": {
      "version": "1.1.1",
      "resolved": "https://registry.npmjs.org/exenv-es6/-/exenv-es6-1.1.1.tgz",
      "integrity": "sha512-vlVu3N8d6yEMpMsEm+7sUBAI81aqYYuEvfK0jNqmdb/OPXzzH7QWDDnVjMvDSY47JdHEqx/dfC/q8WkfoTmpGQ=="
    },
    "node_modules/tabbable": {
      "version": "6.2.0",
      "resolved": "https://registry.npmjs.org/tabbable/-/tabbable-6.2.0.tgz",
      "integrity": "sha512-Cat63mxsVJlzYvN51JmVXIgNoUokrIaT2zLclCXjRd8boZ0004U4KCs/sToJ75C6sdlByWxpYnb5Boif1VSFew=="
    },
    "node_modules/tslib": {
      "version": "2.8.1",
      "resolved": "https://registry.npmjs.org/tslib/-/tslib-2.8.1.tgz",
      "integrity": "sha512-oJFu94HQb+KVduSUQL7wnpmqnfmLsOA/nAh6b6EH0wCEoK0/mPeXU6c3wKDV83MkOuHPRHtSXKKU99IBazS/2w=="
    }
  }
}
